
Microsoft Visual Studio Solution File, Format Version 12.00
# Visual Studio Version 16
VisualStudioVersion = 16.0.29806.167
MinimumVisualStudioVersion = 10.0.40219.1
Project("{8BC9CEB8-8B4A-11D0-8D11-00A0C91BC942}") = "tinyrendererssloyVC2019", "tinyrendererssloyVC2019\tinyrendererssloyVC2019.vcxproj", "{F9297884-EAC3-4AAF-A486-A7DF96AAE581}"
EndProject
Global
	GlobalSection(SolutionConfigurationPlatforms) = preSolution
		Debug|x64 = Debug|x64
		Debug|x86 = Debug|x86
		Release|x64 = Release|x64
		Release|x86 = Release|x86
	EndGlobalSection
	GlobalSection(ProjectConfigurationPlatforms) = postSolution
		{F9297884-EAC3-4AAF-A486-A7DF96AAE581}.Debug|x64.ActiveCfg = Debug|x64
		{F9297884-EAC3-4AAF-A486-A7DF96AAE581}.Debug|x64.Build.0 = Debug|x64
		{F9297884-EAC3-4AAF-A486-A7DF96AAE581}.Debug|x86.ActiveCfg = Debug|Win32
		{F9297884-EAC3-4AAF-A486-A7DF96AAE581}.Debug|x86.Build.0 = Debug|Win32
		{F9297884-EAC3-4AAF-A486-A7DF96AAE581}.Release|x64.ActiveCfg = Release|x64
		{F9297884-EAC3-4AAF-A486-A7DF96AAE581}.Release|x64.Build.0 = Release|x64
		{F9297884-EAC3-4AAF-A486-A7DF96AAE581}.Release|x86.ActiveCfg = Release|Win32
		{F9297884-EAC3-4AAF-A486-A7DF96AAE581}.Release|x86.Build.0 = Release|Win32
	EndGlobalSection
	GlobalSection(SolutionProperties) = preSolution
		HideSolutionNode = FALSE
	EndGlobalSection
	GlobalSection(ExtensibilityGlobals) = postSolution
		SolutionGuid = {72D36554-2BA0-4AD9-9744-0AE98E172D57}
	EndGlobalSection
EndGlobal
