<?xml version="1.0" encoding="utf-8"?>
<Project ToolsVersion="4.0" xmlns="http://schemas.microsoft.com/developer/msbuild/2003">
  <ItemGroup>
    <Filter Include="Source Files">
      <UniqueIdentifier>{4FC737F1-C7A5-4376-A066-2A32D752A2FF}</UniqueIdentifier>
      <Extensions>cpp;c;cc;cxx;def;odl;idl;hpj;bat;asm;asmx</Extensions>
    </Filter>
    <Filter Include="Header Files">
      <UniqueIdentifier>{93995380-89BD-4b04-88EB-625FBE52EBFB}</UniqueIdentifier>
      <Extensions>h;hh;hpp;hxx;hm;inl;inc;ipp;xsd</Extensions>
    </Filter>
    <Filter Include="Resource Files">
      <UniqueIdentifier>{67DA6AB6-F800-4c08-8B7A-83BB121AAD01}</UniqueIdentifier>
      <Extensions>rc;ico;cur;bmp;dlg;rc2;rct;bin;rgs;gif;jpg;jpeg;jpe;resx;tiff;tif;png;wav;mfcribbon-ms</Extensions>
    </Filter>
    <Filter Include="Source Files\1204Work">
      <UniqueIdentifier>{e537b1e2-9646-42d3-aa8b-ead899560424}</UniqueIdentifier>
    </Filter>
    <Filter Include="Source Files\1304">
      <UniqueIdentifier>{5c1faf3e-5ffe-4111-aae4-e18671395b1b}</UniqueIdentifier>
    </Filter>
    <Filter Include="Source Files\1804">
      <UniqueIdentifier>{23d45c0e-e386-4dde-a153-cff6c8a84507}</UniqueIdentifier>
    </Filter>
    <Filter Include="Source Files\2004">
      <UniqueIdentifier>{dea217b4-baa2-4e17-bcac-1edc7c57f26a}</UniqueIdentifier>
    </Filter>
  </ItemGroup>
  <ItemGroup>
    <ClInclude Include="BaseLib.h">
      <Filter>Source Files</Filter>
    </ClInclude>
    <ClInclude Include="ShaderReader.h">
      <Filter>Source Files</Filter>
    </ClInclude>
    <ClInclude Include="stb_image.h">
      <Filter>Source Files</Filter>
    </ClInclude>
  </ItemGroup>
  <ItemGroup>
    <ClCompile Include="ClockScene.cpp">
      <Filter>Source Files\1304</Filter>
    </ClCompile>
    <ClCompile Include="1104FirstTri.cpp">
      <Filter>Source Files\1204Work</Filter>
    </ClCompile>
    <ClCompile Include="RobotScene.cpp">
      <Filter>Source Files\1804</Filter>
    </ClCompile>
    <ClCompile Include="2004RobotScene.cpp">
      <Filter>Source Files\2004</Filter>
    </ClCompile>
  </ItemGroup>
  <ItemGroup>
    <None Include="FaceFShader.glsl">
      <Filter>Source Files\1304</Filter>
    </None>
    <None Include="FaceVShader.glsl">
      <Filter>Source Files\1304</Filter>
    </None>
    <None Include="HandsFshader.glsl">
      <Filter>Source Files\1304</Filter>
    </None>
    <None Include="HandsVShader.glsl">
      <Filter>Source Files\1304</Filter>
    </None>
    <None Include="1204triFshader.glsl">
      <Filter>Source Files\1204Work</Filter>
    </None>
    <None Include="1204triVShader.glsl">
      <Filter>Source Files\1204Work</Filter>
    </None>
    <None Include="robotFrag2004.glsl">
      <Filter>Source Files\2004</Filter>
    </None>
    <None Include="robotVert2004.glsl">
      <Filter>Source Files\2004</Filter>
    </None>
  </ItemGroup>
</Project>